
Microsoft Visual Studio Solution File, Format Version 12.00
# Visual Studio Version 17
VisualStudioVersion = 17.3.32901.215
MinimumVisualStudioVersion = 10.0.40219.1
Project("{FAE04EC0-301F-11D3-BF4B-00C04F79EFBC}") = "WebApplication1", "WebApplication1\WebApplication1.csproj", "{0A44F0BF-F042-4CEB-925E-FB3EA9B00DE5}"
EndProject
Global
	GlobalSection(SolutionConfigurationPlatforms) = preSolution
		Debug|Any CPU = Debug|Any CPU
		Release|Any CPU = Release|Any CPU
	EndGlobalSection
	GlobalSection(ProjectConfigurationPlatforms) = postSolution
		{0A44F0BF-F042-4CEB-925E-FB3EA9B00DE5}.Debug|Any CPU.ActiveCfg = Debug|Any CPU
		{0A44F0BF-F042-4CEB-925E-FB3EA9B00DE5}.Debug|Any CPU.Build.0 = Debug|Any CPU
		{0A44F0BF-F042-4CEB-925E-FB3EA9B00DE5}.Release|Any CPU.ActiveCfg = Release|Any CPU
		{0A44F0BF-F042-4CEB-925E-FB3EA9B00DE5}.Release|Any CPU.Build.0 = Release|Any CPU
	EndGlobalSection
	GlobalSection(SolutionProperties) = preSolution
		HideSolutionNode = FALSE
	EndGlobalSection
	GlobalSection(ExtensibilityGlobals) = postSolution
		SolutionGuid = {C0BC7801-72F3-4604-ACE2-0D6954224788}
	EndGlobalSection
EndGlobal
